# Generated by buf. DO NOT EDIT.
version: v1
deps:
  - remote: buf.build
    owner: cncf
    repository: xds
    commit: e3e5ba6d8b9643d7bc4568012e38d9c0
  - remote: buf.build
    owner: envoyproxy
    repository: envoy
    commit: 4fed45eca8784f8d887ed0bda989a307
  - remote: buf.build
    owner: envoyproxy
    repository: protoc-gen-validate
    commit: dc09a417d27241f7b069feae2cd74a0e
  - remote: buf.build
    owner: googleapis
    repository: googleapis
    commit: 79310877bb834024b9be399e2e7ca7a1
  - remote: buf.build
    owner: opencensus
    repository: opencensus
    commit: d1d7ccd1281e4f42ab7ce9a7d2b29e33
  - remote: buf.build
    owner: opentelemetry
    repository: opentelemetry
    commit: 644f9d74f8db4b548a0909777f5dbaee
  - remote: buf.build
    owner: prometheus
    repository: client-model
    commit: 1d56a02d481a412a83b3c4984eb90c2e
